<Solution>
  <Project Path="AP.Core/AP.Core.csproj" Id="d6c07516-a880-40e4-9224-21ec0a1a949c" />
  <Project Path="AP.Data/AP.Data.csproj" Id="ac370d75-f352-4060-b257-b89543773db2" />
  <Project Path="AP.Models/AP.Models.csproj" Id="86e4843a-7d94-46d5-bf41-df70e36631b5" />
  <Project Path="AP.MVC/AP.MVC.csproj" Id="23ce401d-c927-400e-9d7f-2a016cb57fa7" />
</Solution>
